
Microsoft Visual Studio Solution File, Format Version 12.00
# Visual Studio Version 17
VisualStudioVersion = 17.8.34511.84
MinimumVisualStudioVersion = 10.0.40219.1
Project("{9A19103F-16F7-4668-BE54-9A1E7A4F7556}") = "ForgeAir.Database", "ForgeAir.Database\ForgeAir.Database.csproj", "{8D1DD930-3A44-4BC3-B8D9-A97381BD2E91}"
EndProject
Project("{9A19103F-16F7-4668-BE54-9A1E7A4F7556}") = "ForgeAir.Core", "ForgeAir.Core\ForgeAir.Core.csproj", "{DA19B5C7-7D8A-43A2-A93F-8647BEE81922}"
EndProject
Project("{9A19103F-16F7-4668-BE54-9A1E7A4F7556}") = "ForgeAir.Playout", "ForgeAir.Playout\ForgeAir.Playout.csproj", "{29D654C5-E755-4C55-8E12-5B21E10C0FE5}"
EndProject
Project("{FAE04EC0-301F-11D3-BF4B-00C04F79EFBC}") = "ForgeAir.UI.Core", "ForgeAir.UI.Core\ForgeAir.UI.Core.csproj", "{756A1D09-3667-4B4B-9C3E-A797777DA177}"
EndProject
Project("{FAE04EC0-301F-11D3-BF4B-00C04F79EFBC}") = "Forge Plugin SDK", "..\ForgePluginSDK\SDK\Forge Plugin SDK.csproj", "{A33C3643-366D-560C-8D36-99D5236BD913}"
EndProject
Project("{FAE04EC0-301F-11D3-BF4B-00C04F79EFBC}") = "ForgeAir.UI.Win32", "ForgeAir.UI.Win32\ForgeAir.UI.Win32.csproj", "{4A9AC60E-A4D7-427A-ACEB-659BCCD8E109}"
EndProject
Global
	GlobalSection(SolutionConfigurationPlatforms) = preSolution
		Debug|Any CPU = Debug|Any CPU
		Debug|x64 = Debug|x64
		Debug|x86 = Debug|x86
		Release|Any CPU = Release|Any CPU
		Release|x64 = Release|x64
		Release|x86 = Release|x86
	EndGlobalSection
	GlobalSection(ProjectConfigurationPlatforms) = postSolution
		{8D1DD930-3A44-4BC3-B8D9-A97381BD2E91}.Debug|Any CPU.ActiveCfg = Debug|x64
		{8D1DD930-3A44-4BC3-B8D9-A97381BD2E91}.Debug|Any CPU.Build.0 = Debug|x64
		{8D1DD930-3A44-4BC3-B8D9-A97381BD2E91}.Debug|x64.ActiveCfg = Debug|x64
		{8D1DD930-3A44-4BC3-B8D9-A97381BD2E91}.Debug|x64.Build.0 = Debug|x64
		{8D1DD930-3A44-4BC3-B8D9-A97381BD2E91}.Debug|x86.ActiveCfg = Debug|Any CPU
		{8D1DD930-3A44-4BC3-B8D9-A97381BD2E91}.Debug|x86.Build.0 = Debug|Any CPU
		{8D1DD930-3A44-4BC3-B8D9-A97381BD2E91}.Release|Any CPU.ActiveCfg = Release|Any CPU
		{8D1DD930-3A44-4BC3-B8D9-A97381BD2E91}.Release|Any CPU.Build.0 = Release|Any CPU
		{8D1DD930-3A44-4BC3-B8D9-A97381BD2E91}.Release|x64.ActiveCfg = Release|x64
		{8D1DD930-3A44-4BC3-B8D9-A97381BD2E91}.Release|x64.Build.0 = Release|x64
		{8D1DD930-3A44-4BC3-B8D9-A97381BD2E91}.Release|x86.ActiveCfg = Release|Any CPU
		{8D1DD930-3A44-4BC3-B8D9-A97381BD2E91}.Release|x86.Build.0 = Release|Any CPU
		{DA19B5C7-7D8A-43A2-A93F-8647BEE81922}.Debug|Any CPU.ActiveCfg = Debug|Any CPU
		{DA19B5C7-7D8A-43A2-A93F-8647BEE81922}.Debug|Any CPU.Build.0 = Debug|Any CPU
		{DA19B5C7-7D8A-43A2-A93F-8647BEE81922}.Debug|x64.ActiveCfg = Debug|x64
		{DA19B5C7-7D8A-43A2-A93F-8647BEE81922}.Debug|x64.Build.0 = Debug|x64
		{DA19B5C7-7D8A-43A2-A93F-8647BEE81922}.Debug|x86.ActiveCfg = Debug|Any CPU
		{DA19B5C7-7D8A-43A2-A93F-8647BEE81922}.Debug|x86.Build.0 = Debug|Any CPU
		{DA19B5C7-7D8A-43A2-A93F-8647BEE81922}.Release|Any CPU.ActiveCfg = Release|Any CPU
		{DA19B5C7-7D8A-43A2-A93F-8647BEE81922}.Release|Any CPU.Build.0 = Release|Any CPU
		{DA19B5C7-7D8A-43A2-A93F-8647BEE81922}.Release|x64.ActiveCfg = Release|x64
		{DA19B5C7-7D8A-43A2-A93F-8647BEE81922}.Release|x64.Build.0 = Release|x64
		{DA19B5C7-7D8A-43A2-A93F-8647BEE81922}.Release|x86.ActiveCfg = Release|Any CPU
		{DA19B5C7-7D8A-43A2-A93F-8647BEE81922}.Release|x86.Build.0 = Release|Any CPU
		{29D654C5-E755-4C55-8E12-5B21E10C0FE5}.Debug|Any CPU.ActiveCfg = Debug|x64
		{29D654C5-E755-4C55-8E12-5B21E10C0FE5}.Debug|Any CPU.Build.0 = Debug|x64
		{29D654C5-E755-4C55-8E12-5B21E10C0FE5}.Debug|x64.ActiveCfg = Debug|x64
		{29D654C5-E755-4C55-8E12-5B21E10C0FE5}.Debug|x64.Build.0 = Debug|x64
		{29D654C5-E755-4C55-8E12-5B21E10C0FE5}.Debug|x86.ActiveCfg = Debug|Any CPU
		{29D654C5-E755-4C55-8E12-5B21E10C0FE5}.Debug|x86.Build.0 = Debug|Any CPU
		{29D654C5-E755-4C55-8E12-5B21E10C0FE5}.Release|Any CPU.ActiveCfg = Release|Any CPU
		{29D654C5-E755-4C55-8E12-5B21E10C0FE5}.Release|Any CPU.Build.0 = Release|Any CPU
		{29D654C5-E755-4C55-8E12-5B21E10C0FE5}.Release|x64.ActiveCfg = Release|x64
		{29D654C5-E755-4C55-8E12-5B21E10C0FE5}.Release|x64.Build.0 = Release|x64
		{29D654C5-E755-4C55-8E12-5B21E10C0FE5}.Release|x86.ActiveCfg = Release|Any CPU
		{29D654C5-E755-4C55-8E12-5B21E10C0FE5}.Release|x86.Build.0 = Release|Any CPU
		{756A1D09-3667-4B4B-9C3E-A797777DA177}.Debug|Any CPU.ActiveCfg = Debug|x64
		{756A1D09-3667-4B4B-9C3E-A797777DA177}.Debug|Any CPU.Build.0 = Debug|x64
		{756A1D09-3667-4B4B-9C3E-A797777DA177}.Debug|x64.ActiveCfg = Debug|x64
		{756A1D09-3667-4B4B-9C3E-A797777DA177}.Debug|x64.Build.0 = Debug|x64
		{756A1D09-3667-4B4B-9C3E-A797777DA177}.Debug|x86.ActiveCfg = Debug|Any CPU
		{756A1D09-3667-4B4B-9C3E-A797777DA177}.Debug|x86.Build.0 = Debug|Any CPU
		{756A1D09-3667-4B4B-9C3E-A797777DA177}.Release|Any CPU.ActiveCfg = Release|Any CPU
		{756A1D09-3667-4B4B-9C3E-A797777DA177}.Release|Any CPU.Build.0 = Release|Any CPU
		{756A1D09-3667-4B4B-9C3E-A797777DA177}.Release|x64.ActiveCfg = Release|x64
		{756A1D09-3667-4B4B-9C3E-A797777DA177}.Release|x64.Build.0 = Release|x64
		{756A1D09-3667-4B4B-9C3E-A797777DA177}.Release|x86.ActiveCfg = Release|Any CPU
		{756A1D09-3667-4B4B-9C3E-A797777DA177}.Release|x86.Build.0 = Release|Any CPU
		{CBEC51DD-310E-4847-870D-8AC4BC0D8E80}.Debug|Any CPU.ActiveCfg = Debug|Any CPU
		{CBEC51DD-310E-4847-870D-8AC4BC0D8E80}.Debug|Any CPU.Build.0 = Debug|Any CPU
		{CBEC51DD-310E-4847-870D-8AC4BC0D8E80}.Debug|x64.ActiveCfg = Debug|x64
		{CBEC51DD-310E-4847-870D-8AC4BC0D8E80}.Debug|x64.Build.0 = Debug|x64
		{CBEC51DD-310E-4847-870D-8AC4BC0D8E80}.Debug|x86.ActiveCfg = Debug|Any CPU
		{CBEC51DD-310E-4847-870D-8AC4BC0D8E80}.Debug|x86.Build.0 = Debug|Any CPU
		{CBEC51DD-310E-4847-870D-8AC4BC0D8E80}.Release|Any CPU.ActiveCfg = Release|Any CPU
		{CBEC51DD-310E-4847-870D-8AC4BC0D8E80}.Release|Any CPU.Build.0 = Release|Any CPU
		{CBEC51DD-310E-4847-870D-8AC4BC0D8E80}.Release|x64.ActiveCfg = Release|Any CPU
		{CBEC51DD-310E-4847-870D-8AC4BC0D8E80}.Release|x64.Build.0 = Release|Any CPU
		{CBEC51DD-310E-4847-870D-8AC4BC0D8E80}.Release|x86.ActiveCfg = Release|Any CPU
		{CBEC51DD-310E-4847-870D-8AC4BC0D8E80}.Release|x86.Build.0 = Release|Any CPU
		{BA103D15-F2B3-42EE-9BD4-C32E388C7271}.Debug|Any CPU.ActiveCfg = Debug|x64
		{BA103D15-F2B3-42EE-9BD4-C32E388C7271}.Debug|Any CPU.Build.0 = Debug|x64
		{BA103D15-F2B3-42EE-9BD4-C32E388C7271}.Debug|x64.ActiveCfg = Debug|x64
		{BA103D15-F2B3-42EE-9BD4-C32E388C7271}.Debug|x64.Build.0 = Debug|x64
		{BA103D15-F2B3-42EE-9BD4-C32E388C7271}.Debug|x86.ActiveCfg = Debug|Win32
		{BA103D15-F2B3-42EE-9BD4-C32E388C7271}.Debug|x86.Build.0 = Debug|Win32
		{BA103D15-F2B3-42EE-9BD4-C32E388C7271}.Release|Any CPU.ActiveCfg = Release|x64
		{BA103D15-F2B3-42EE-9BD4-C32E388C7271}.Release|Any CPU.Build.0 = Release|x64
		{BA103D15-F2B3-42EE-9BD4-C32E388C7271}.Release|x64.ActiveCfg = Release|x64
		{BA103D15-F2B3-42EE-9BD4-C32E388C7271}.Release|x64.Build.0 = Release|x64
		{BA103D15-F2B3-42EE-9BD4-C32E388C7271}.Release|x86.ActiveCfg = Release|Win32
		{BA103D15-F2B3-42EE-9BD4-C32E388C7271}.Release|x86.Build.0 = Release|Win32
		{A33C3643-366D-560C-8D36-99D5236BD913}.Debug|Any CPU.ActiveCfg = Debug|Any CPU
		{A33C3643-366D-560C-8D36-99D5236BD913}.Debug|Any CPU.Build.0 = Debug|Any CPU
		{A33C3643-366D-560C-8D36-99D5236BD913}.Debug|x64.ActiveCfg = Debug|x64
		{A33C3643-366D-560C-8D36-99D5236BD913}.Debug|x64.Build.0 = Debug|x64
		{A33C3643-366D-560C-8D36-99D5236BD913}.Debug|x86.ActiveCfg = Debug|Any CPU
		{A33C3643-366D-560C-8D36-99D5236BD913}.Debug|x86.Build.0 = Debug|Any CPU
		{A33C3643-366D-560C-8D36-99D5236BD913}.Release|Any CPU.ActiveCfg = Release|Any CPU
		{A33C3643-366D-560C-8D36-99D5236BD913}.Release|Any CPU.Build.0 = Release|Any CPU
		{A33C3643-366D-560C-8D36-99D5236BD913}.Release|x64.ActiveCfg = Release|Any CPU
		{A33C3643-366D-560C-8D36-99D5236BD913}.Release|x64.Build.0 = Release|Any CPU
		{A33C3643-366D-560C-8D36-99D5236BD913}.Release|x86.ActiveCfg = Release|Any CPU
		{A33C3643-366D-560C-8D36-99D5236BD913}.Release|x86.Build.0 = Release|Any CPU
		{4A9AC60E-A4D7-427A-ACEB-659BCCD8E109}.Debug|Any CPU.ActiveCfg = Debug|Any CPU
		{4A9AC60E-A4D7-427A-ACEB-659BCCD8E109}.Debug|Any CPU.Build.0 = Debug|Any CPU
		{4A9AC60E-A4D7-427A-ACEB-659BCCD8E109}.Debug|x64.ActiveCfg = Debug|Any CPU
		{4A9AC60E-A4D7-427A-ACEB-659BCCD8E109}.Debug|x64.Build.0 = Debug|Any CPU
		{4A9AC60E-A4D7-427A-ACEB-659BCCD8E109}.Debug|x86.ActiveCfg = Debug|Any CPU
		{4A9AC60E-A4D7-427A-ACEB-659BCCD8E109}.Debug|x86.Build.0 = Debug|Any CPU
		{4A9AC60E-A4D7-427A-ACEB-659BCCD8E109}.Release|Any CPU.ActiveCfg = Release|Any CPU
		{4A9AC60E-A4D7-427A-ACEB-659BCCD8E109}.Release|Any CPU.Build.0 = Release|Any CPU
		{4A9AC60E-A4D7-427A-ACEB-659BCCD8E109}.Release|x64.ActiveCfg = Release|Any CPU
		{4A9AC60E-A4D7-427A-ACEB-659BCCD8E109}.Release|x64.Build.0 = Release|Any CPU
		{4A9AC60E-A4D7-427A-ACEB-659BCCD8E109}.Release|x86.ActiveCfg = Release|Any CPU
		{4A9AC60E-A4D7-427A-ACEB-659BCCD8E109}.Release|x86.Build.0 = Release|Any CPU
	EndGlobalSection
	GlobalSection(SolutionProperties) = preSolution
		HideSolutionNode = FALSE
	EndGlobalSection
	GlobalSection(ExtensibilityGlobals) = postSolution
		SolutionGuid = {AD09F14C-1550-42A2-BEEC-35BD6E1D1D3D}
	EndGlobalSection
EndGlobal
