
Microsoft Visual Studio Solution File, Format Version 12.00
# Visual Studio Version 18
VisualStudioVersion = 18.0.11222.15 d18.0
MinimumVisualStudioVersion = 10.0.40219.1
Project("{9A19103F-16F7-4668-BE54-9A1E7A4F7556}") = "ForgeAir.Database", "ForgeAir.Database\ForgeAir.Database.csproj", "{8D1DD930-3A44-4BC3-B8D9-A97381BD2E91}"
EndProject
Project("{9A19103F-16F7-4668-BE54-9A1E7A4F7556}") = "ForgeAir.Core", "ForgeAir.Core\ForgeAir.Core.csproj", "{DA19B5C7-7D8A-43A2-A93F-8647BEE81922}"
EndProject
Project("{9A19103F-16F7-4668-BE54-9A1E7A4F7556}") = "ForgeAir.Playout", "ForgeAir.Playout\ForgeAir.Playout.csproj", "{29D654C5-E755-4C55-8E12-5B21E10C0FE5}"
EndProject
Project("{FAE04EC0-301F-11D3-BF4B-00C04F79EFBC}") = "ForgeAir.UI.Core", "ForgeAir.UI.Core\ForgeAir.UI.Core.csproj", "{756A1D09-3667-4B4B-9C3E-A797777DA177}"
EndProject
Project("{FAE04EC0-301F-11D3-BF4B-00C04F79EFBC}") = "Forge Plugin SDK", "..\ForgePluginSDK\SDK\Forge Plugin SDK.csproj", "{A33C3643-366D-560C-8D36-99D5236BD913}"
EndProject
Project("{FAE04EC0-301F-11D3-BF4B-00C04F79EFBC}") = "ForgeAir.UI.Win32", "ForgeAir.UI.Win32\ForgeAir.UI.Win32.csproj", "{4A9AC60E-A4D7-427A-ACEB-659BCCD8E109}"
EndProject
Project("{FAE04EC0-301F-11D3-BF4B-00C04F79EFBC}") = "ForgeAir.Tests", "ForgeAir.Tests\ForgeAir.Tests.csproj", "{9BA16966-65E7-438F-9999-A0A3EDC5C33A}"
EndProject
Project("{FAE04EC0-301F-11D3-BF4B-00C04F79EFBC}") = "WPFSoundVisualizationLib", "C:\Users\choco\source\repos\akarapatakis\wpfsvl-core\Source\WPFSoundVisualizationLibrary\WPFSoundVisualizationLib.csproj", "{4BF02CD2-B416-4F1E-2F55-EB63FF59AB3B}"
EndProject
Global
	GlobalSection(SolutionConfigurationPlatforms) = preSolution
		Debug|x64 = Debug|x64
		Release|x64 = Release|x64
	EndGlobalSection
	GlobalSection(ProjectConfigurationPlatforms) = postSolution
		{8D1DD930-3A44-4BC3-B8D9-A97381BD2E91}.Debug|x64.ActiveCfg = Debug|x64
		{8D1DD930-3A44-4BC3-B8D9-A97381BD2E91}.Debug|x64.Build.0 = Debug|x64
		{8D1DD930-3A44-4BC3-B8D9-A97381BD2E91}.Release|x64.ActiveCfg = Release|x64
		{8D1DD930-3A44-4BC3-B8D9-A97381BD2E91}.Release|x64.Build.0 = Release|x64
		{DA19B5C7-7D8A-43A2-A93F-8647BEE81922}.Debug|x64.ActiveCfg = Debug|x64
		{DA19B5C7-7D8A-43A2-A93F-8647BEE81922}.Debug|x64.Build.0 = Debug|x64
		{DA19B5C7-7D8A-43A2-A93F-8647BEE81922}.Release|x64.ActiveCfg = Release|x64
		{DA19B5C7-7D8A-43A2-A93F-8647BEE81922}.Release|x64.Build.0 = Release|x64
		{29D654C5-E755-4C55-8E12-5B21E10C0FE5}.Debug|x64.ActiveCfg = Debug|x64
		{29D654C5-E755-4C55-8E12-5B21E10C0FE5}.Debug|x64.Build.0 = Debug|x64
		{29D654C5-E755-4C55-8E12-5B21E10C0FE5}.Release|x64.ActiveCfg = Release|x64
		{29D654C5-E755-4C55-8E12-5B21E10C0FE5}.Release|x64.Build.0 = Release|x64
		{756A1D09-3667-4B4B-9C3E-A797777DA177}.Debug|x64.ActiveCfg = Debug|x64
		{756A1D09-3667-4B4B-9C3E-A797777DA177}.Debug|x64.Build.0 = Debug|x64
		{756A1D09-3667-4B4B-9C3E-A797777DA177}.Release|x64.ActiveCfg = Release|x64
		{756A1D09-3667-4B4B-9C3E-A797777DA177}.Release|x64.Build.0 = Release|x64
		{A33C3643-366D-560C-8D36-99D5236BD913}.Debug|x64.ActiveCfg = Debug|x64
		{A33C3643-366D-560C-8D36-99D5236BD913}.Debug|x64.Build.0 = Debug|x64
		{A33C3643-366D-560C-8D36-99D5236BD913}.Release|x64.ActiveCfg = Release|x64
		{A33C3643-366D-560C-8D36-99D5236BD913}.Release|x64.Build.0 = Release|x64
		{4A9AC60E-A4D7-427A-ACEB-659BCCD8E109}.Debug|x64.ActiveCfg = Debug|x64
		{4A9AC60E-A4D7-427A-ACEB-659BCCD8E109}.Debug|x64.Build.0 = Debug|x64
		{4A9AC60E-A4D7-427A-ACEB-659BCCD8E109}.Release|x64.ActiveCfg = Release|x64
		{4A9AC60E-A4D7-427A-ACEB-659BCCD8E109}.Release|x64.Build.0 = Release|x64
		{9BA16966-65E7-438F-9999-A0A3EDC5C33A}.Debug|x64.ActiveCfg = Debug|Any CPU
		{9BA16966-65E7-438F-9999-A0A3EDC5C33A}.Debug|x64.Build.0 = Debug|Any CPU
		{9BA16966-65E7-438F-9999-A0A3EDC5C33A}.Release|x64.ActiveCfg = Release|Any CPU
		{9BA16966-65E7-438F-9999-A0A3EDC5C33A}.Release|x64.Build.0 = Release|Any CPU
		{4BF02CD2-B416-4F1E-2F55-EB63FF59AB3B}.Debug|x64.ActiveCfg = Debug|x64
		{4BF02CD2-B416-4F1E-2F55-EB63FF59AB3B}.Debug|x64.Build.0 = Debug|x64
		{4BF02CD2-B416-4F1E-2F55-EB63FF59AB3B}.Release|x64.ActiveCfg = Release|Any CPU
		{4BF02CD2-B416-4F1E-2F55-EB63FF59AB3B}.Release|x64.Build.0 = Release|Any CPU
	EndGlobalSection
	GlobalSection(SolutionProperties) = preSolution
		HideSolutionNode = FALSE
	EndGlobalSection
	GlobalSection(ExtensibilityGlobals) = postSolution
		SolutionGuid = {AD09F14C-1550-42A2-BEEC-35BD6E1D1D3D}
	EndGlobalSection
EndGlobal
